// !$*UTF8*$!
{
	archiveVersion = 1;
	classes = {
	};
	objectVersion = 56;
	objects = {

/* Begin PBXBuildFile section */
		9B17795628E5F66D00F595A5 /* TinyMoviesApp.swift in Sources */ = {isa = PBXBuildFile; fileRef = 9B17795528E5F66D00F595A5 /* TinyMoviesApp.swift */; };
		9B17795828E5F66D00F595A5 /* ContentView.swift in Sources */ = {isa = PBXBuildFile; fileRef = 9B17795728E5F66D00F595A5 /* ContentView.swift */; };
		9B17795A28E5F66E00F595A5 /* Assets.xcassets in Resources */ = {isa = PBXBuildFile; fileRef = 9B17795928E5F66E00F595A5 /* Assets.xcassets */; };
		9B17795E28E5F66E00F595A5 /* Preview Assets.xcassets in Resources */ = {isa = PBXBuildFile; fileRef = 9B17795D28E5F66E00F595A5 /* Preview Assets.xcassets */; };
		9B17796828E5F66E00F595A5 /* TinyMoviesTests.swift in Sources */ = {isa = PBXBuildFile; fileRef = 9B17796728E5F66E00F595A5 /* TinyMoviesTests.swift */; };
		9B17797228E5F66E00F595A5 /* TinyMoviesUITests.swift in Sources */ = {isa = PBXBuildFile; fileRef = 9B17797128E5F66E00F595A5 /* TinyMoviesUITests.swift */; };
		9B17797428E5F66E00F595A5 /* TinyMoviesUITestsLaunchTests.swift in Sources */ = {isa = PBXBuildFile; fileRef = 9B17797328E5F66E00F595A5 /* TinyMoviesUITestsLaunchTests.swift */; };
/* End PBXBuildFile section */

/* Begin PBXContainerItemProxy section */
		9B17796428E5F66E00F595A5 /* PBXContainerItemProxy */ = {
			isa = PBXContainerItemProxy;
			containerPortal = 9B17794A28E5F66D00F595A5 /* Project object */;
			proxyType = 1;
			remoteGlobalIDString = 9B17795128E5F66D00F595A5;
			remoteInfo = TinyMovies;
		};
		9B17796E28E5F66E00F595A5 /* PBXContainerItemProxy */ = {
			isa = PBXContainerItemProxy;
			containerPortal = 9B17794A28E5F66D00F595A5 /* Project object */;
			proxyType = 1;
			remoteGlobalIDString = 9B17795128E5F66D00F595A5;
			remoteInfo = TinyMovies;
		};
/* End PBXContainerItemProxy section */

/* Begin PBXFileReference section */
		9B17795228E5F66D00F595A5 /* TinyMovies.app */ = {isa = PBXFileReference; explicitFileType = wrapper.application; includeInIndex = 0; path = TinyMovies.app; sourceTree = BUILT_PRODUCTS_DIR; };
		9B17795528E5F66D00F595A5 /* TinyMoviesApp.swift */ = {isa = PBXFileReference; lastKnownFileType = sourcecode.swift; path = TinyMoviesApp.swift; sourceTree = "<group>"; };
		9B17795728E5F66D00F595A5 /* ContentView.swift */ = {isa = PBXFileReference; lastKnownFileType = sourcecode.swift; path = ContentView.swift; sourceTree = "<group>"; };
		9B17795928E5F66E00F595A5 /* Assets.xcassets */ = {isa = PBXFileReference; lastKnownFileType = folder.assetcatalog; path = Assets.xcassets; sourceTree = "<group>"; };
		9B17795B28E5F66E00F595A5 /* TinyMovies.entitlements */ = {isa = PBXFileReference; lastKnownFileType = text.plist.entitlements; path = TinyMovies.entitlements; sourceTree = "<group>"; };
		9B17795D28E5F66E00F595A5 /* Preview Assets.xcassets */ = {isa = PBXFileReference; lastKnownFileType = folder.assetcatalog; path = "Preview Assets.xcassets"; sourceTree = "<group>"; };
		9B17796328E5F66E00F595A5 /* TinyMoviesTests.xctest */ = {isa = PBXFileReference; explicitFileType = wrapper.cfbundle; includeInIndex = 0; path = TinyMoviesTests.xctest; sourceTree = BUILT_PRODUCTS_DIR; };
		9B17796728E5F66E00F595A5 /* TinyMoviesTests.swift */ = {isa = PBXFileReference; lastKnownFileType = sourcecode.swift; path = TinyMoviesTests.swift; sourceTree = "<group>"; };
		9B17796D28E5F66E00F595A5 /* TinyMoviesUITests.xctest */ = {isa = PBXFileReference; explicitFileType = wrapper.cfbundle; includeInIndex = 0; path = TinyMoviesUITests.xctest; sourceTree = BUILT_PRODUCTS_DIR; };
		9B17797128E5F66E00F595A5 /* TinyMoviesUITests.swift */ = {isa = PBXFileReference; lastKnownFileType = sourcecode.swift; path = TinyMoviesUITests.swift; sourceTree = "<group>"; };
		9B17797328E5F66E00F595A5 /* TinyMoviesUITestsLaunchTests.swift */ = {isa = PBXFileReference; lastKnownFileType = sourcecode.swift; path = TinyMoviesUITestsLaunchTests.swift; sourceTree = "<group>"; };
/* End PBXFileReference section */

/* Begin PBXFrameworksBuildPhase section */
		9B17794F28E5F66D00F595A5 /* Frameworks */ = {
			isa = PBXFrameworksBuildPhase;
			buildActionMask = 2147483647;
			files = (
			);
			runOnlyForDeploymentPostprocessing = 0;
		};
		9B17796028E5F66E00F595A5 /* Frameworks */ = {
			isa = PBXFrameworksBuildPhase;
			buildActionMask = 2147483647;
			files = (
			);
			runOnlyForDeploymentPostprocessing = 0;
		};
		9B17796A28E5F66E00F595A5 /* Frameworks */ = {
			isa = PBXFrameworksBuildPhase;
			buildActionMask = 2147483647;
			files = (
			);
			runOnlyForDeploymentPostprocessing = 0;
		};
/* End PBXFrameworksBuildPhase section */

/* Begin PBXGroup section */
		9B17794928E5F66D00F595A5 = {
			isa = PBXGroup;
			children = (
				9B17795428E5F66D00F595A5 /* TinyMovies */,
				9B17796628E5F66E00F595A5 /* TinyMoviesTests */,
				9B17797028E5F66E00F595A5 /* TinyMoviesUITests */,
				9B17795328E5F66D00F595A5 /* Products */,
			);
			sourceTree = "<group>";
		};
		9B17795328E5F66D00F595A5 /* Products */ = {
			isa = PBXGroup;
			children = (
				9B17795228E5F66D00F595A5 /* TinyMovies.app */,
				9B17796328E5F66E00F595A5 /* TinyMoviesTests.xctest */,
				9B17796D28E5F66E00F595A5 /* TinyMoviesUITests.xctest */,
			);
			name = Products;
			sourceTree = "<group>";
		};
		9B17795428E5F66D00F595A5 /* TinyMovies */ = {
			isa = PBXGroup;
			children = (
				9B17795528E5F66D00F595A5 /* TinyMoviesApp.swift */,
				9B17795728E5F66D00F595A5 /* ContentView.swift */,
				9B17795928E5F66E00F595A5 /* Assets.xcassets */,
				9B17795B28E5F66E00F595A5 /* TinyMovies.entitlements */,
				9B17795C28E5F66E00F595A5 /* Preview Content */,
			);
			path = TinyMovies;
			sourceTree = "<group>";
		};
		9B17795C28E5F66E00F595A5 /* Preview Content */ = {
			isa = PBXGroup;
			children = (
				9B17795D28E5F66E00F595A5 /* Preview Assets.xcassets */,
			);
			path = "Preview Content";
			sourceTree = "<group>";
		};
		9B17796628E5F66E00F595A5 /* TinyMoviesTests */ = {
			isa = PBXGroup;
			children = (
				9B17796728E5F66E00F595A5 /* TinyMoviesTests.swift */,
			);
			path = TinyMoviesTests;
			sourceTree = "<group>";
		};
		9B17797028E5F66E00F595A5 /* TinyMoviesUITests */ = {
			isa = PBXGroup;
			children = (
				9B17797128E5F66E00F595A5 /* TinyMoviesUITests.swift */,
				9B17797328E5F66E00F595A5 /* TinyMoviesUITestsLaunchTests.swift */,
			);
			path = TinyMoviesUITests;
			sourceTree = "<group>";
		};
/* End PBXGroup section */

/* Begin PBXNativeTarget section */
		9B17795128E5F66D00F595A5 /* TinyMovies */ = {
			isa = PBXNativeTarget;
			buildConfigurationList = 9B17797728E5F66E00F595A5 /* Build configuration list for PBXNativeTarget "TinyMovies" */;
			buildPhases = (
				9B17794E28E5F66D00F595A5 /* Sources */,
				9B17794F28E5F66D00F595A5 /* Frameworks */,
				9B17795028E5F66D00F595A5 /* Resources */,
			);
			buildRules = (
			);
			dependencies = (
			);
			name = TinyMovies;
			productName = TinyMovies;
			productReference = 9B17795228E5F66D00F595A5 /* TinyMovies.app */;
			productType = "com.apple.product-type.application";
		};
		9B17796228E5F66E00F595A5 /* TinyMoviesTests */ = {
			isa = PBXNativeTarget;
			buildConfigurationList = 9B17797A28E5F66E00F595A5 /* Build configuration list for PBXNativeTarget "TinyMoviesTests" */;
			buildPhases = (
				9B17795F28E5F66E00F595A5 /* Sources */,
				9B17796028E5F66E00F595A5 /* Frameworks */,
				9B17796128E5F66E00F595A5 /* Resources */,
			);
			buildRules = (
			);
			dependencies = (
				9B17796528E5F66E00F595A5 /* PBXTargetDependency */,
			);
			name = TinyMoviesTests;
			productName = TinyMoviesTests;
			productReference = 9B17796328E5F66E00F595A5 /* TinyMoviesTests.xctest */;
			productType = "com.apple.product-type.bundle.unit-test";
		};
		9B17796C28E5F66E00F595A5 /* TinyMoviesUITests */ = {
			isa = PBXNativeTarget;
			buildConfigurationList = 9B17797D28E5F66E00F595A5 /* Build configuration list for PBXNativeTarget "TinyMoviesUITests" */;
			buildPhases = (
				9B17796928E5F66E00F595A5 /* Sources */,
				9B17796A28E5F66E00F595A5 /* Frameworks */,
				9B17796B28E5F66E00F595A5 /* Resources */,
			);
			buildRules = (
			);
			dependencies = (
				9B17796F28E5F66E00F595A5 /* PBXTargetDependency */,
			);
			name = TinyMoviesUITests;
			productName = TinyMoviesUITests;
			productReference = 9B17796D28E5F66E00F595A5 /* TinyMoviesUITests.xctest */;
			productType = "com.apple.product-type.bundle.ui-testing";
		};
/* End PBXNativeTarget section */

/* Begin PBXProject section */
		9B17794A28E5F66D00F595A5 /* Project object */ = {
			isa = PBXProject;
			attributes = {
				BuildIndependentTargetsInParallel = 1;
				LastSwiftUpdateCheck = 1400;
				LastUpgradeCheck = 1400;
				TargetAttributes = {
					9B17795128E5F66D00F595A5 = {
						CreatedOnToolsVersion = 14.0;
					};
					9B17796228E5F66E00F595A5 = {
						CreatedOnToolsVersion = 14.0;
						TestTargetID = 9B17795128E5F66D00F595A5;
					};
					9B17796C28E5F66E00F595A5 = {
						CreatedOnToolsVersion = 14.0;
						TestTargetID = 9B17795128E5F66D00F595A5;
					};
				};
			};
			buildConfigurationList = 9B17794D28E5F66D00F595A5 /* Build configuration list for PBXProject "TinyMovies" */;
			compatibilityVersion = "Xcode 14.0";
			developmentRegion = en;
			hasScannedForEncodings = 0;
			knownRegions = (
				en,
				Base,
			);
			mainGroup = 9B17794928E5F66D00F595A5;
			productRefGroup = 9B17795328E5F66D00F595A5 /* Products */;
			projectDirPath = "";
			projectRoot = "";
			targets = (
				9B17795128E5F66D00F595A5 /* TinyMovies */,
				9B17796228E5F66E00F595A5 /* TinyMoviesTests */,
				9B17796C28E5F66E00F595A5 /* TinyMoviesUITests */,
			);
		};
/* End PBXProject section */

/* Begin PBXResourcesBuildPhase section */
		9B17795028E5F66D00F595A5 /* Resources */ = {
			isa = PBXResourcesBuildPhase;
			buildActionMask = 2147483647;
			files = (
				9B17795E28E5F66E00F595A5 /* Preview Assets.xcassets in Resources */,
				9B17795A28E5F66E00F595A5 /* Assets.xcassets in Resources */,
			);
			runOnlyForDeploymentPostprocessing = 0;
		};
		9B17796128E5F66E00F595A5 /* Resources */ = {
			isa = PBXResourcesBuildPhase;
			buildActionMask = 2147483647;
			files = (
			);
			runOnlyForDeploymentPostprocessing = 0;
		};
		9B17796B28E5F66E00F595A5 /* Resources */ = {
			isa = PBXResourcesBuildPhase;
			buildActionMask = 2147483647;
			files = (
			);
			runOnlyForDeploymentPostprocessing = 0;
		};
/* End PBXResourcesBuildPhase section */

/* Begin PBXSourcesBuildPhase section */
		9B17794E28E5F66D00F595A5 /* Sources */ = {
			isa = PBXSourcesBuildPhase;
			buildActionMask = 2147483647;
			files = (
				9B17795828E5F66D00F595A5 /* ContentView.swift in Sources */,
				9B17795628E5F66D00F595A5 /* TinyMoviesApp.swift in Sources */,
			);
			runOnlyForDeploymentPostprocessing = 0;
		};
		9B17795F28E5F66E00F595A5 /* Sources */ = {
			isa = PBXSourcesBuildPhase;
			buildActionMask = 2147483647;
			files = (
				9B17796828E5F66E00F595A5 /* TinyMoviesTests.swift in Sources */,
			);
			runOnlyForDeploymentPostprocessing = 0;
		};
		9B17796928E5F66E00F595A5 /* Sources */ = {
			isa = PBXSourcesBuildPhase;
			buildActionMask = 2147483647;
			files = (
				9B17797228E5F66E00F595A5 /* TinyMoviesUITests.swift in Sources */,
				9B17797428E5F66E00F595A5 /* TinyMoviesUITestsLaunchTests.swift in Sources */,
			);
			runOnlyForDeploymentPostprocessing = 0;
		};
/* End PBXSourcesBuildPhase section */

/* Begin PBXTargetDependency section */
		9B17796528E5F66E00F595A5 /* PBXTargetDependency */ = {
			isa = PBXTargetDependency;
			target = 9B17795128E5F66D00F595A5 /* TinyMovies */;
			targetProxy = 9B17796428E5F66E00F595A5 /* PBXContainerItemProxy */;
		};
		9B17796F28E5F66E00F595A5 /* PBXTargetDependency */ = {
			isa = PBXTargetDependency;
			target = 9B17795128E5F66D00F595A5 /* TinyMovies */;
			targetProxy = 9B17796E28E5F66E00F595A5 /* PBXContainerItemProxy */;
		};
/* End PBXTargetDependency section */

/* Begin XCBuildConfiguration section */
		9B17797528E5F66E00F595A5 /* Debug */ = {
			isa = XCBuildConfiguration;
			buildSettings = {
				ALWAYS_SEARCH_USER_PATHS = NO;
				CLANG_ANALYZER_NONNULL = YES;
				CLANG_ANALYZER_NUMBER_OBJECT_CONVERSION = YES_AGGRESSIVE;
				CLANG_CXX_LANGUAGE_STANDARD = "gnu++20";
				CLANG_ENABLE_MODULES = YES;
				CLANG_ENABLE_OBJC_ARC = YES;
				CLANG_ENABLE_OBJC_WEAK = YES;
				CLANG_WARN_BLOCK_CAPTURE_AUTORELEASING = YES;
				CLANG_WARN_BOOL_CONVERSION = YES;
				CLANG_WARN_COMMA = YES;
				CLANG_WARN_CONSTANT_CONVERSION = YES;
				CLANG_WARN_DEPRECATED_OBJC_IMPLEMENTATIONS = YES;
				CLANG_WARN_DIRECT_OBJC_ISA_USAGE = YES_ERROR;
				CLANG_WARN_DOCUMENTATION_COMMENTS = YES;
				CLANG_WARN_EMPTY_BODY = YES;
				CLANG_WARN_ENUM_CONVERSION = YES;
				CLANG_WARN_INFINITE_RECURSION = YES;
				CLANG_WARN_INT_CONVERSION = YES;
				CLANG_WARN_NON_LITERAL_NULL_CONVERSION = YES;
				CLANG_WARN_OBJC_IMPLICIT_RETAIN_SELF = YES;
				CLANG_WARN_OBJC_LITERAL_CONVERSION = YES;
				CLANG_WARN_OBJC_ROOT_CLASS = YES_ERROR;
				CLANG_WARN_QUOTED_INCLUDE_IN_FRAMEWORK_HEADER = YES;
				CLANG_WARN_RANGE_LOOP_ANALYSIS = YES;
				CLANG_WARN_STRICT_PROTOTYPES = YES;
				CLANG_WARN_SUSPICIOUS_MOVE = YES;
				CLANG_WARN_UNGUARDED_AVAILABILITY = YES_AGGRESSIVE;
				CLANG_WARN_UNREACHABLE_CODE = YES;
				CLANG_WARN__DUPLICATE_METHOD_MATCH = YES;
				COPY_PHASE_STRIP = NO;
				DEBUG_INFORMATION_FORMAT = dwarf;
				ENABLE_STRICT_OBJC_MSGSEND = YES;
				ENABLE_TESTABILITY = YES;
				GCC_C_LANGUAGE_STANDARD = gnu11;
				GCC_DYNAMIC_NO_PIC = NO;
				GCC_NO_COMMON_BLOCKS = YES;
				GCC_OPTIMIZATION_LEVEL = 0;
				GCC_PREPROCESSOR_DEFINITIONS = (
					"DEBUG=1",
					"$(inherited)",
				);
				GCC_WARN_64_TO_32_BIT_CONVERSION = YES;
				GCC_WARN_ABOUT_RETURN_TYPE = YES_ERROR;
				GCC_WARN_UNDECLARED_SELECTOR = YES;
				GCC_WARN_UNINITIALIZED_AUTOS = YES_AGGRESSIVE;
				GCC_WARN_UNUSED_FUNCTION = YES;
				GCC_WARN_UNUSED_VARIABLE = YES;
				MTL_ENABLE_DEBUG_INFO = INCLUDE_SOURCE;
				MTL_FAST_MATH = YES;
				ONLY_ACTIVE_ARCH = YES;
				SWIFT_ACTIVE_COMPILATION_CONDITIONS = DEBUG;
				SWIFT_OPTIMIZATION_LEVEL = "-Onone";
			};
			name = Debug;
		};
		9B17797628E5F66E00F595A5 /* Release */ = {
			isa = XCBuildConfiguration;
			buildSettings = {
				ALWAYS_SEARCH_USER_PATHS = NO;
				CLANG_ANALYZER_NONNULL = YES;
				CLANG_ANALYZER_NUMBER_OBJECT_CONVERSION = YES_AGGRESSIVE;
				CLANG_CXX_LANGUAGE_STANDARD = "gnu++20";
				CLANG_ENABLE_MODULES = YES;
				CLANG_ENABLE_OBJC_ARC = YES;
				CLANG_ENABLE_OBJC_WEAK = YES;
				CLANG_WARN_BLOCK_CAPTURE_AUTORELEASING = YES;
				CLANG_WARN_BOOL_CONVERSION = YES;
				CLANG_WARN_COMMA = YES;
				CLANG_WARN_CONSTANT_CONVERSION = YES;
				CLANG_WARN_DEPRECATED_OBJC_IMPLEMENTATIONS = YES;
				CLANG_WARN_DIRECT_OBJC_ISA_USAGE = YES_ERROR;
				CLANG_WARN_DOCUMENTATION_COMMENTS = YES;
				CLANG_WARN_EMPTY_BODY = YES;
				CLANG_WARN_ENUM_CONVERSION = YES;
				CLANG_WARN_INFINITE_RECURSION = YES;
				CLANG_WARN_INT_CONVERSION = YES;
				CLANG_WARN_NON_LITERAL_NULL_CONVERSION = YES;
				CLANG_WARN_OBJC_IMPLICIT_RETAIN_SELF = YES;
				CLANG_WARN_OBJC_LITERAL_CONVERSION = YES;
				CLANG_WARN_OBJC_ROOT_CLASS = YES_ERROR;
				CLANG_WARN_QUOTED_INCLUDE_IN_FRAMEWORK_HEADER = YES;
				CLANG_WARN_RANGE_LOOP_ANALYSIS = YES;
				CLANG_WARN_STRICT_PROTOTYPES = YES;
				CLANG_WARN_SUSPICIOUS_MOVE = YES;
				CLANG_WARN_UNGUARDED_AVAILABILITY = YES_AGGRESSIVE;
				CLANG_WARN_UNREACHABLE_CODE = YES;
				CLANG_WARN__DUPLICATE_METHOD_MATCH = YES;
				COPY_PHASE_STRIP = NO;
				DEBUG_INFORMATION_FORMAT = "dwarf-with-dsym";
				ENABLE_NS_ASSERTIONS = NO;
				ENABLE_STRICT_OBJC_MSGSEND = YES;
				GCC_C_LANGUAGE_STANDARD = gnu11;
				GCC_NO_COMMON_BLOCKS = YES;
				GCC_WARN_64_TO_32_BIT_CONVERSION = YES;
				GCC_WARN_ABOUT_RETURN_TYPE = YES_ERROR;
				GCC_WARN_UNDECLARED_SELECTOR = YES;
				GCC_WARN_UNINITIALIZED_AUTOS = YES_AGGRESSIVE;
				GCC_WARN_UNUSED_FUNCTION = YES;
				GCC_WARN_UNUSED_VARIABLE = YES;
				MTL_ENABLE_DEBUG_INFO = NO;
				MTL_FAST_MATH = YES;
				SWIFT_COMPILATION_MODE = wholemodule;
				SWIFT_OPTIMIZATION_LEVEL = "-O";
			};
			name = Release;
		};
		9B17797828E5F66E00F595A5 /* Debug */ = {
			isa = XCBuildConfiguration;
			buildSettings = {
				ASSETCATALOG_COMPILER_APPICON_NAME = AppIcon;
				ASSETCATALOG_COMPILER_GLOBAL_ACCENT_COLOR_NAME = AccentColor;
				CODE_SIGN_ENTITLEMENTS = TinyMovies/TinyMovies.entitlements;
				CODE_SIGN_STYLE = Automatic;
				CURRENT_PROJECT_VERSION = 1;
				DEVELOPMENT_ASSET_PATHS = "\"TinyMovies/Preview Content\"";
				DEVELOPMENT_TEAM = 2C53SL5E8C;
				ENABLE_HARDENED_RUNTIME = YES;
				ENABLE_PREVIEWS = YES;
				GENERATE_INFOPLIST_FILE = YES;
				"INFOPLIST_KEY_UIApplicationSceneManifest_Generation[sdk=iphoneos*]" = YES;
				"INFOPLIST_KEY_UIApplicationSceneManifest_Generation[sdk=iphonesimulator*]" = YES;
				"INFOPLIST_KEY_UIApplicationSupportsIndirectInputEvents[sdk=iphoneos*]" = YES;
				"INFOPLIST_KEY_UIApplicationSupportsIndirectInputEvents[sdk=iphonesimulator*]" = YES;
				"INFOPLIST_KEY_UILaunchScreen_Generation[sdk=iphoneos*]" = YES;
				"INFOPLIST_KEY_UILaunchScreen_Generation[sdk=iphonesimulator*]" = YES;
				"INFOPLIST_KEY_UIStatusBarStyle[sdk=iphoneos*]" = UIStatusBarStyleDefault;
				"INFOPLIST_KEY_UIStatusBarStyle[sdk=iphonesimulator*]" = UIStatusBarStyleDefault;
				INFOPLIST_KEY_UISupportedInterfaceOrientations_iPad = "UIInterfaceOrientationPortrait UIInterfaceOrientationPortraitUpsideDown UIInterfaceOrientationLandscapeLeft UIInterfaceOrientationLandscapeRight";
				INFOPLIST_KEY_UISupportedInterfaceOrientations_iPhone = "UIInterfaceOrientationPortrait UIInterfaceOrientationLandscapeLeft UIInterfaceOrientationLandscapeRight";
				IPHONEOS_DEPLOYMENT_TARGET = 16.0;
				LD_RUNPATH_SEARCH_PATHS = "@executable_path/Frameworks";
				"LD_RUNPATH_SEARCH_PATHS[sdk=macosx*]" = "@executable_path/../Frameworks";
				MACOSX_DEPLOYMENT_TARGET = 12.3;
				MARKETING_VERSION = 1.0;
				PRODUCT_BUNDLE_IDENTIFIER = com.elbeheiry.TinyMovies;
				PRODUCT_NAME = "$(TARGET_NAME)";
				SDKROOT = auto;
				SUPPORTED_PLATFORMS = "iphoneos iphonesimulator macosx";
				SWIFT_EMIT_LOC_STRINGS = YES;
				SWIFT_VERSION = 5.0;
				TARGETED_DEVICE_FAMILY = "1,2";
			};
			name = Debug;
		};
		9B17797928E5F66E00F595A5 /* Release */ = {
			isa = XCBuildConfiguration;
			buildSettings = {
				ASSETCATALOG_COMPILER_APPICON_NAME = AppIcon;
				ASSETCATALOG_COMPILER_GLOBAL_ACCENT_COLOR_NAME = AccentColor;
				CODE_SIGN_ENTITLEMENTS = TinyMovies/TinyMovies.entitlements;
				CODE_SIGN_STYLE = Automatic;
				CURRENT_PROJECT_VERSION = 1;
				DEVELOPMENT_ASSET_PATHS = "\"TinyMovies/Preview Content\"";
				DEVELOPMENT_TEAM = 2C53SL5E8C;
				ENABLE_HARDENED_RUNTIME = YES;
				ENABLE_PREVIEWS = YES;
				GENERATE_INFOPLIST_FILE = YES;
				"INFOPLIST_KEY_UIApplicationSceneManifest_Generation[sdk=iphoneos*]" = YES;
				"INFOPLIST_KEY_UIApplicationSceneManifest_Generation[sdk=iphonesimulator*]" = YES;
				"INFOPLIST_KEY_UIApplicationSupportsIndirectInputEvents[sdk=iphoneos*]" = YES;
				"INFOPLIST_KEY_UIApplicationSupportsIndirectInputEvents[sdk=iphonesimulator*]" = YES;
				"INFOPLIST_KEY_UILaunchScreen_Generation[sdk=iphoneos*]" = YES;
				"INFOPLIST_KEY_UILaunchScreen_Generation[sdk=iphonesimulator*]" = YES;
				"INFOPLIST_KEY_UIStatusBarStyle[sdk=iphoneos*]" = UIStatusBarStyleDefault;
				"INFOPLIST_KEY_UIStatusBarStyle[sdk=iphonesimulator*]" = UIStatusBarStyleDefault;
				INFOPLIST_KEY_UISupportedInterfaceOrientations_iPad = "UIInterfaceOrientationPortrait UIInterfaceOrientationPortraitUpsideDown UIInterfaceOrientationLandscapeLeft UIInterfaceOrientationLandscapeRight";
				INFOPLIST_KEY_UISupportedInterfaceOrientations_iPhone = "UIInterfaceOrientationPortrait UIInterfaceOrientationLandscapeLeft UIInterfaceOrientationLandscapeRight";
				IPHONEOS_DEPLOYMENT_TARGET = 16.0;
				LD_RUNPATH_SEARCH_PATHS = "@executable_path/Frameworks";
				"LD_RUNPATH_SEARCH_PATHS[sdk=macosx*]" = "@executable_path/../Frameworks";
				MACOSX_DEPLOYMENT_TARGET = 12.3;
				MARKETING_VERSION = 1.0;
				PRODUCT_BUNDLE_IDENTIFIER = com.elbeheiry.TinyMovies;
				PRODUCT_NAME = "$(TARGET_NAME)";
				SDKROOT = auto;
				SUPPORTED_PLATFORMS = "iphoneos iphonesimulator macosx";
				SWIFT_EMIT_LOC_STRINGS = YES;
				SWIFT_VERSION = 5.0;
				TARGETED_DEVICE_FAMILY = "1,2";
			};
			name = Release;
		};
		9B17797B28E5F66E00F595A5 /* Debug */ = {
			isa = XCBuildConfiguration;
			buildSettings = {
				ALWAYS_EMBED_SWIFT_STANDARD_LIBRARIES = YES;
				BUNDLE_LOADER = "$(TEST_HOST)";
				CODE_SIGN_STYLE = Automatic;
				CURRENT_PROJECT_VERSION = 1;
				DEVELOPMENT_TEAM = 2C53SL5E8C;
				GENERATE_INFOPLIST_FILE = YES;
				IPHONEOS_DEPLOYMENT_TARGET = 16.0;
				MACOSX_DEPLOYMENT_TARGET = 12.3;
				MARKETING_VERSION = 1.0;
				PRODUCT_BUNDLE_IDENTIFIER = com.elbeheiry.TinyMoviesTests;
				PRODUCT_NAME = "$(TARGET_NAME)";
				SDKROOT = auto;
				SUPPORTED_PLATFORMS = "iphoneos iphonesimulator macosx";
				SWIFT_EMIT_LOC_STRINGS = NO;
				SWIFT_VERSION = 5.0;
				TARGETED_DEVICE_FAMILY = "1,2";
				TEST_HOST = "$(BUILT_PRODUCTS_DIR)/TinyMovies.app/$(BUNDLE_EXECUTABLE_FOLDER_PATH)/TinyMovies";
			};
			name = Debug;
		};
		9B17797C28E5F66E00F595A5 /* Release */ = {
			isa = XCBuildConfiguration;
			buildSettings = {
				ALWAYS_EMBED_SWIFT_STANDARD_LIBRARIES = YES;
				BUNDLE_LOADER = "$(TEST_HOST)";
				CODE_SIGN_STYLE = Automatic;
				CURRENT_PROJECT_VERSION = 1;
				DEVELOPMENT_TEAM = 2C53SL5E8C;
				GENERATE_INFOPLIST_FILE = YES;
				IPHONEOS_DEPLOYMENT_TARGET = 16.0;
				MACOSX_DEPLOYMENT_TARGET = 12.3;
				MARKETING_VERSION = 1.0;
				PRODUCT_BUNDLE_IDENTIFIER = com.elbeheiry.TinyMoviesTests;
				PRODUCT_NAME = "$(TARGET_NAME)";
				SDKROOT = auto;
				SUPPORTED_PLATFORMS = "iphoneos iphonesimulator macosx";
				SWIFT_EMIT_LOC_STRINGS = NO;
				SWIFT_VERSION = 5.0;
				TARGETED_DEVICE_FAMILY = "1,2";
				TEST_HOST = "$(BUILT_PRODUCTS_DIR)/TinyMovies.app/$(BUNDLE_EXECUTABLE_FOLDER_PATH)/TinyMovies";
			};
			name = Release;
		};
		9B17797E28E5F66E00F595A5 /* Debug */ = {
			isa = XCBuildConfiguration;
			buildSettings = {
				ALWAYS_EMBED_SWIFT_STANDARD_LIBRARIES = YES;
				CODE_SIGN_STYLE = Automatic;
				CURRENT_PROJECT_VERSION = 1;
				DEVELOPMENT_TEAM = 2C53SL5E8C;
				GENERATE_INFOPLIST_FILE = YES;
				IPHONEOS_DEPLOYMENT_TARGET = 16.0;
				MACOSX_DEPLOYMENT_TARGET = 12.3;
				MARKETING_VERSION = 1.0;
				PRODUCT_BUNDLE_IDENTIFIER = com.elbeheiry.TinyMoviesUITests;
				PRODUCT_NAME = "$(TARGET_NAME)";
				SDKROOT = auto;
				SUPPORTED_PLATFORMS = "iphoneos iphonesimulator macosx";
				SWIFT_EMIT_LOC_STRINGS = NO;
				SWIFT_VERSION = 5.0;
				TARGETED_DEVICE_FAMILY = "1,2";
				TEST_TARGET_NAME = TinyMovies;
			};
			name = Debug;
		};
		9B17797F28E5F66E00F595A5 /* Release */ = {
			isa = XCBuildConfiguration;
			buildSettings = {
				ALWAYS_EMBED_SWIFT_STANDARD_LIBRARIES = YES;
				CODE_SIGN_STYLE = Automatic;
				CURRENT_PROJECT_VERSION = 1;
				DEVELOPMENT_TEAM = 2C53SL5E8C;
				GENERATE_INFOPLIST_FILE = YES;
				IPHONEOS_DEPLOYMENT_TARGET = 16.0;
				MACOSX_DEPLOYMENT_TARGET = 12.3;
				MARKETING_VERSION = 1.0;
				PRODUCT_BUNDLE_IDENTIFIER = com.elbeheiry.TinyMoviesUITests;
				PRODUCT_NAME = "$(TARGET_NAME)";
				SDKROOT = auto;
				SUPPORTED_PLATFORMS = "iphoneos iphonesimulator macosx";
				SWIFT_EMIT_LOC_STRINGS = NO;
				SWIFT_VERSION = 5.0;
				TARGETED_DEVICE_FAMILY = "1,2";
				TEST_TARGET_NAME = TinyMovies;
			};
			name = Release;
		};
/* End XCBuildConfiguration section */

/* Begin XCConfigurationList section */
		9B17794D28E5F66D00F595A5 /* Build configuration list for PBXProject "TinyMovies" */ = {
			isa = XCConfigurationList;
			buildConfigurations = (
				9B17797528E5F66E00F595A5 /* Debug */,
				9B17797628E5F66E00F595A5 /* Release */,
			);
			defaultConfigurationIsVisible = 0;
			defaultConfigurationName = Release;
		};
		9B17797728E5F66E00F595A5 /* Build configuration list for PBXNativeTarget "TinyMovies" */ = {
			isa = XCConfigurationList;
			buildConfigurations = (
				9B17797828E5F66E00F595A5 /* Debug */,
				9B17797928E5F66E00F595A5 /* Release */,
			);
			defaultConfigurationIsVisible = 0;
			defaultConfigurationName = Release;
		};
		9B17797A28E5F66E00F595A5 /* Build configuration list for PBXNativeTarget "TinyMoviesTests" */ = {
			isa = XCConfigurationList;
			buildConfigurations = (
				9B17797B28E5F66E00F595A5 /* Debug */,
				9B17797C28E5F66E00F595A5 /* Release */,
			);
			defaultConfigurationIsVisible = 0;
			defaultConfigurationName = Release;
		};
		9B17797D28E5F66E00F595A5 /* Build configuration list for PBXNativeTarget "TinyMoviesUITests" */ = {
			isa = XCConfigurationList;
			buildConfigurations = (
				9B17797E28E5F66E00F595A5 /* Debug */,
				9B17797F28E5F66E00F595A5 /* Release */,
			);
			defaultConfigurationIsVisible = 0;
			defaultConfigurationName = Release;
		};
/* End XCConfigurationList section */
	};
	rootObject = 9B17794A28E5F66D00F595A5 /* Project object */;
}
